
Microsoft Visual Studio Solution File, Format Version 12.00
# Visual Studio 14
VisualStudioVersion = 14.0.25123.0
MinimumVisualStudioVersion = 10.0.40219.1
Project("{F6D30509-58F0-4147-BEB7-8EA99D237465}") = "Sitecore.Support.144386", "Sitecore.Support.144386\Sitecore.Support.144386.csproj", "{522F80B8-FEF4-41A9-8C9F-A677B18212D5}"
EndProject
Global
	GlobalSection(SolutionConfigurationPlatforms) = preSolution
		Debug|Any CPU = Debug|Any CPU
		Release|Any CPU = Release|Any CPU
	EndGlobalSection
	GlobalSection(ProjectConfigurationPlatforms) = postSolution
		{522F80B8-FEF4-41A9-8C9F-A677B18212D5}.Debug|Any CPU.ActiveCfg = Debug|Any CPU
		{522F80B8-FEF4-41A9-8C9F-A677B18212D5}.Debug|Any CPU.Build.0 = Debug|Any CPU
		{522F80B8-FEF4-41A9-8C9F-A677B18212D5}.Release|Any CPU.ActiveCfg = Release|Any CPU
		{522F80B8-FEF4-41A9-8C9F-A677B18212D5}.Release|Any CPU.Build.0 = Release|Any CPU
	EndGlobalSection
	GlobalSection(SolutionProperties) = preSolution
		HideSolutionNode = FALSE
	EndGlobalSection
EndGlobal
